// !$*UTF8*$!
{
	archiveVersion = 1;
	classes = {
	};
	objectVersion = 55;
	objects = {

/* Begin PBXBuildFile section */
		D38143E027E5588D00C8CA68 /* AppDelegate.swift in Sources */ = {isa = PBXBuildFile; fileRef = D38143DF27E5588D00C8CA68 /* AppDelegate.swift */; };
		D38143E227E5588D00C8CA68 /* SceneDelegate.swift in Sources */ = {isa = PBXBuildFile; fileRef = D38143E127E5588D00C8CA68 /* SceneDelegate.swift */; };
		D38143E427E5588D00C8CA68 /* ViewController.swift in Sources */ = {isa = PBXBuildFile; fileRef = D38143E327E5588D00C8CA68 /* ViewController.swift */; };
		D38143E727E5588D00C8CA68 /* Main.storyboard in Resources */ = {isa = PBXBuildFile; fileRef = D38143E527E5588D00C8CA68 /* Main.storyboard */; };
		D38143E927E5588E00C8CA68 /* Assets.xcassets in Resources */ = {isa = PBXBuildFile; fileRef = D38143E827E5588E00C8CA68 /* Assets.xcassets */; };
		D38143EC27E5588E00C8CA68 /* LaunchScreen.storyboard in Resources */ = {isa = PBXBuildFile; fileRef = D38143EA27E5588E00C8CA68 /* LaunchScreen.storyboard */; };
		F10951F10C3FDBAB7EF3FD65 /* Pods_KadaiChallenge5.framework in Frameworks */ = {isa = PBXBuildFile; fileRef = 99E4AF341928451BDE19EA65 /* Pods_KadaiChallenge5.framework */; };
/* End PBXBuildFile section */

/* Begin PBXFileReference section */
		02AA568D6F5B65F778FF6EC1 /* Pods-KadaiChallenge5.debug.xcconfig */ = {isa = PBXFileReference; includeInIndex = 1; lastKnownFileType = text.xcconfig; name = "Pods-KadaiChallenge5.debug.xcconfig"; path = "Target Support Files/Pods-KadaiChallenge5/Pods-KadaiChallenge5.debug.xcconfig"; sourceTree = "<group>"; };
		99E4AF341928451BDE19EA65 /* Pods_KadaiChallenge5.framework */ = {isa = PBXFileReference; explicitFileType = wrapper.framework; includeInIndex = 0; path = Pods_KadaiChallenge5.framework; sourceTree = BUILT_PRODUCTS_DIR; };
		A996FCC2A10593BB6C42DC64 /* Pods-KadaiChallenge5.release.xcconfig */ = {isa = PBXFileReference; includeInIndex = 1; lastKnownFileType = text.xcconfig; name = "Pods-KadaiChallenge5.release.xcconfig"; path = "Target Support Files/Pods-KadaiChallenge5/Pods-KadaiChallenge5.release.xcconfig"; sourceTree = "<group>"; };
		D38143DC27E5588D00C8CA68 /* KadaiChallenge5.app */ = {isa = PBXFileReference; explicitFileType = wrapper.application; includeInIndex = 0; path = KadaiChallenge5.app; sourceTree = BUILT_PRODUCTS_DIR; };
		D38143DF27E5588D00C8CA68 /* AppDelegate.swift */ = {isa = PBXFileReference; lastKnownFileType = sourcecode.swift; path = AppDelegate.swift; sourceTree = "<group>"; };
		D38143E127E5588D00C8CA68 /* SceneDelegate.swift */ = {isa = PBXFileReference; lastKnownFileType = sourcecode.swift; path = SceneDelegate.swift; sourceTree = "<group>"; };
		D38143E327E5588D00C8CA68 /* ViewController.swift */ = {isa = PBXFileReference; lastKnownFileType = sourcecode.swift; path = ViewController.swift; sourceTree = "<group>"; };
		D38143E627E5588D00C8CA68 /* Base */ = {isa = PBXFileReference; lastKnownFileType = file.storyboard; name = Base; path = Base.lproj/Main.storyboard; sourceTree = "<group>"; };
		D38143E827E5588E00C8CA68 /* Assets.xcassets */ = {isa = PBXFileReference; lastKnownFileType = folder.assetcatalog; path = Assets.xcassets; sourceTree = "<group>"; };
		D38143EB27E5588E00C8CA68 /* Base */ = {isa = PBXFileReference; lastKnownFileType = file.storyboard; name = Base; path = Base.lproj/LaunchScreen.storyboard; sourceTree = "<group>"; };
		D38143ED27E5588E00C8CA68 /* Info.plist */ = {isa = PBXFileReference; lastKnownFileType = text.plist.xml; path = Info.plist; sourceTree = "<group>"; };
/* End PBXFileReference section */

/* Begin PBXFrameworksBuildPhase section */
		D38143D927E5588D00C8CA68 /* Frameworks */ = {
			isa = PBXFrameworksBuildPhase;
			buildActionMask = 2147483647;
			files = (
				F10951F10C3FDBAB7EF3FD65 /* Pods_KadaiChallenge5.framework in Frameworks */,
			);
			runOnlyForDeploymentPostprocessing = 0;
		};
/* End PBXFrameworksBuildPhase section */

/* Begin PBXGroup section */
		15B18A8A194804148BED43DF /* Pods */ = {
			isa = PBXGroup;
			children = (
				02AA568D6F5B65F778FF6EC1 /* Pods-KadaiChallenge5.debug.xcconfig */,
				A996FCC2A10593BB6C42DC64 /* Pods-KadaiChallenge5.release.xcconfig */,
			);
			name = Pods;
			path = Pods;
			sourceTree = "<group>";
		};
		D38143D327E5588D00C8CA68 = {
			isa = PBXGroup;
			children = (
				D38143DE27E5588D00C8CA68 /* KadaiChallenge5 */,
				D38143DD27E5588D00C8CA68 /* Products */,
				15B18A8A194804148BED43DF /* Pods */,
				D7092C03B9C9B9239D936D6B /* Frameworks */,
			);
			sourceTree = "<group>";
		};
		D38143DD27E5588D00C8CA68 /* Products */ = {
			isa = PBXGroup;
			children = (
				D38143DC27E5588D00C8CA68 /* KadaiChallenge5.app */,
			);
			name = Products;
			sourceTree = "<group>";
		};
		D38143DE27E5588D00C8CA68 /* KadaiChallenge5 */ = {
			isa = PBXGroup;
			children = (
				D38143DF27E5588D00C8CA68 /* AppDelegate.swift */,
				D38143E127E5588D00C8CA68 /* SceneDelegate.swift */,
				D38143E327E5588D00C8CA68 /* ViewController.swift */,
				D38143E527E5588D00C8CA68 /* Main.storyboard */,
				D38143E827E5588E00C8CA68 /* Assets.xcassets */,
				D38143EA27E5588E00C8CA68 /* LaunchScreen.storyboard */,
				D38143ED27E5588E00C8CA68 /* Info.plist */,
			);
			path = KadaiChallenge5;
			sourceTree = "<group>";
		};
		D7092C03B9C9B9239D936D6B /* Frameworks */ = {
			isa = PBXGroup;
			children = (
				99E4AF341928451BDE19EA65 /* Pods_KadaiChallenge5.framework */,
			);
			name = Frameworks;
			sourceTree = "<group>";
		};
/* End PBXGroup section */

/* Begin PBXNativeTarget section */
		D38143DB27E5588D00C8CA68 /* KadaiChallenge5 */ = {
			isa = PBXNativeTarget;
			buildConfigurationList = D38143F027E5588E00C8CA68 /* Build configuration list for PBXNativeTarget "KadaiChallenge5" */;
			buildPhases = (
				54C9872E9ABBCFD60F872F92 /* [CP] Check Pods Manifest.lock */,
				D38143D827E5588D00C8CA68 /* Sources */,
				D38143D927E5588D00C8CA68 /* Frameworks */,
				D38143DA27E5588D00C8CA68 /* Resources */,
			);
			buildRules = (
			);
			dependencies = (
			);
			name = KadaiChallenge5;
			productName = KadaiChallenge5;
			productReference = D38143DC27E5588D00C8CA68 /* KadaiChallenge5.app */;
			productType = "com.apple.product-type.application";
		};
/* End PBXNativeTarget section */

/* Begin PBXProject section */
		D38143D427E5588D00C8CA68 /* Project object */ = {
			isa = PBXProject;
			attributes = {
				BuildIndependentTargetsInParallel = 1;
				LastSwiftUpdateCheck = 1330;
				LastUpgradeCheck = 1330;
				TargetAttributes = {
					D38143DB27E5588D00C8CA68 = {
						CreatedOnToolsVersion = 13.3;
					};
				};
			};
			buildConfigurationList = D38143D727E5588D00C8CA68 /* Build configuration list for PBXProject "KadaiChallenge5" */;
			compatibilityVersion = "Xcode 13.0";
			developmentRegion = en;
			hasScannedForEncodings = 0;
			knownRegions = (
				en,
				Base,
			);
			mainGroup = D38143D327E5588D00C8CA68;
			productRefGroup = D38143DD27E5588D00C8CA68 /* Products */;
			projectDirPath = "";
			projectRoot = "";
			targets = (
				D38143DB27E5588D00C8CA68 /* KadaiChallenge5 */,
			);
		};
/* End PBXProject section */

/* Begin PBXResourcesBuildPhase section */
		D38143DA27E5588D00C8CA68 /* Resources */ = {
			isa = PBXResourcesBuildPhase;
			buildActionMask = 2147483647;
			files = (
				D38143EC27E5588E00C8CA68 /* LaunchScreen.storyboard in Resources */,
				D38143E927E5588E00C8CA68 /* Assets.xcassets in Resources */,
				D38143E727E5588D00C8CA68 /* Main.storyboard in Resources */,
			);
			runOnlyForDeploymentPostprocessing = 0;
		};
/* End PBXResourcesBuildPhase section */

/* Begin PBXShellScriptBuildPhase section */
		54C9872E9ABBCFD60F872F92 /* [CP] Check Pods Manifest.lock */ = {
			isa = PBXShellScriptBuildPhase;
			buildActionMask = 2147483647;
			files = (
			);
			inputFileListPaths = (
			);
			inputPaths = (
				"${PODS_PODFILE_DIR_PATH}/Podfile.lock",
				"${PODS_ROOT}/Manifest.lock",
			);
			name = "[CP] Check Pods Manifest.lock";
			outputFileListPaths = (
			);
			outputPaths = (
				"$(DERIVED_FILE_DIR)/Pods-KadaiChallenge5-checkManifestLockResult.txt",
			);
			runOnlyForDeploymentPostprocessing = 0;
			shellPath = /bin/sh;
			shellScript = "diff \"${PODS_PODFILE_DIR_PATH}/Podfile.lock\" \"${PODS_ROOT}/Manifest.lock\" > /dev/null\nif [ $? != 0 ] ; then\n    # print error to STDERR\n    echo \"error: The sandbox is not in sync with the Podfile.lock. Run 'pod install' or update your CocoaPods installation.\" >&2\n    exit 1\nfi\n# This output is used by Xcode 'outputs' to avoid re-running this script phase.\necho \"SUCCESS\" > \"${SCRIPT_OUTPUT_FILE_0}\"\n";
			showEnvVarsInLog = 0;
		};
/* End PBXShellScriptBuildPhase section */

/* Begin PBXSourcesBuildPhase section */
		D38143D827E5588D00C8CA68 /* Sources */ = {
			isa = PBXSourcesBuildPhase;
			buildActionMask = 2147483647;
			files = (
				D38143E427E5588D00C8CA68 /* ViewController.swift in Sources */,
				D38143E027E5588D00C8CA68 /* AppDelegate.swift in Sources */,
				D38143E227E5588D00C8CA68 /* SceneDelegate.swift in Sources */,
			);
			runOnlyForDeploymentPostprocessing = 0;
		};
/* End PBXSourcesBuildPhase section */

/* Begin PBXVariantGroup section */
		D38143E527E5588D00C8CA68 /* Main.storyboard */ = {
			isa = PBXVariantGroup;
			children = (
				D38143E627E5588D00C8CA68 /* Base */,
			);
			name = Main.storyboard;
			sourceTree = "<group>";
		};
		D38143EA27E5588E00C8CA68 /* LaunchScreen.storyboard */ = {
			isa = PBXVariantGroup;
			children = (
				D38143EB27E5588E00C8CA68 /* Base */,
			);
			name = LaunchScreen.storyboard;
			sourceTree = "<group>";
		};
/* End PBXVariantGroup section */

/* Begin XCBuildConfiguration section */
		D38143EE27E5588E00C8CA68 /* Debug */ = {
			isa = XCBuildConfiguration;
			buildSettings = {
				ALWAYS_SEARCH_USER_PATHS = NO;
				CLANG_ANALYZER_NONNULL = YES;
				CLANG_ANALYZER_NUMBER_OBJECT_CONVERSION = YES_AGGRESSIVE;
				CLANG_CXX_LANGUAGE_STANDARD = "gnu++17";
				CLANG_ENABLE_MODULES = YES;
				CLANG_ENABLE_OBJC_ARC = YES;
				CLANG_ENABLE_OBJC_WEAK = YES;
				CLANG_WARN_BLOCK_CAPTURE_AUTORELEASING = YES;
				CLANG_WARN_BOOL_CONVERSION = YES;
				CLANG_WARN_COMMA = YES;
				CLANG_WARN_CONSTANT_CONVERSION = YES;
				CLANG_WARN_DEPRECATED_OBJC_IMPLEMENTATIONS = YES;
				CLANG_WARN_DIRECT_OBJC_ISA_USAGE = YES_ERROR;
				CLANG_WARN_DOCUMENTATION_COMMENTS = YES;
				CLANG_WARN_EMPTY_BODY = YES;
				CLANG_WARN_ENUM_CONVERSION = YES;
				CLANG_WARN_INFINITE_RECURSION = YES;
				CLANG_WARN_INT_CONVERSION = YES;
				CLANG_WARN_NON_LITERAL_NULL_CONVERSION = YES;
				CLANG_WARN_OBJC_IMPLICIT_RETAIN_SELF = YES;
				CLANG_WARN_OBJC_LITERAL_CONVERSION = YES;
				CLANG_WARN_OBJC_ROOT_CLASS = YES_ERROR;
				CLANG_WARN_QUOTED_INCLUDE_IN_FRAMEWORK_HEADER = YES;
				CLANG_WARN_RANGE_LOOP_ANALYSIS = YES;
				CLANG_WARN_STRICT_PROTOTYPES = YES;
				CLANG_WARN_SUSPICIOUS_MOVE = YES;
				CLANG_WARN_UNGUARDED_AVAILABILITY = YES_AGGRESSIVE;
				CLANG_WARN_UNREACHABLE_CODE = YES;
				CLANG_WARN__DUPLICATE_METHOD_MATCH = YES;
				COPY_PHASE_STRIP = NO;
				DEBUG_INFORMATION_FORMAT = dwarf;
				ENABLE_STRICT_OBJC_MSGSEND = YES;
				ENABLE_TESTABILITY = YES;
				GCC_C_LANGUAGE_STANDARD = gnu11;
				GCC_DYNAMIC_NO_PIC = NO;
				GCC_NO_COMMON_BLOCKS = YES;
				GCC_OPTIMIZATION_LEVEL = 0;
				GCC_PREPROCESSOR_DEFINITIONS = (
					"DEBUG=1",
					"$(inherited)",
				);
				GCC_WARN_64_TO_32_BIT_CONVERSION = YES;
				GCC_WARN_ABOUT_RETURN_TYPE = YES_ERROR;
				GCC_WARN_UNDECLARED_SELECTOR = YES;
				GCC_WARN_UNINITIALIZED_AUTOS = YES_AGGRESSIVE;
				GCC_WARN_UNUSED_FUNCTION = YES;
				GCC_WARN_UNUSED_VARIABLE = YES;
				IPHONEOS_DEPLOYMENT_TARGET = 15.4;
				MTL_ENABLE_DEBUG_INFO = INCLUDE_SOURCE;
				MTL_FAST_MATH = YES;
				ONLY_ACTIVE_ARCH = YES;
				SDKROOT = iphoneos;
				SWIFT_ACTIVE_COMPILATION_CONDITIONS = DEBUG;
				SWIFT_OPTIMIZATION_LEVEL = "-Onone";
			};
			name = Debug;
		};
		D38143EF27E5588E00C8CA68 /* Release */ = {
			isa = XCBuildConfiguration;
			buildSettings = {
				ALWAYS_SEARCH_USER_PATHS = NO;
				CLANG_ANALYZER_NONNULL = YES;
				CLANG_ANALYZER_NUMBER_OBJECT_CONVERSION = YES_AGGRESSIVE;
				CLANG_CXX_LANGUAGE_STANDARD = "gnu++17";
				CLANG_ENABLE_MODULES = YES;
				CLANG_ENABLE_OBJC_ARC = YES;
				CLANG_ENABLE_OBJC_WEAK = YES;
				CLANG_WARN_BLOCK_CAPTURE_AUTORELEASING = YES;
				CLANG_WARN_BOOL_CONVERSION = YES;
				CLANG_WARN_COMMA = YES;
				CLANG_WARN_CONSTANT_CONVERSION = YES;
				CLANG_WARN_DEPRECATED_OBJC_IMPLEMENTATIONS = YES;
				CLANG_WARN_DIRECT_OBJC_ISA_USAGE = YES_ERROR;
				CLANG_WARN_DOCUMENTATION_COMMENTS = YES;
				CLANG_WARN_EMPTY_BODY = YES;
				CLANG_WARN_ENUM_CONVERSION = YES;
				CLANG_WARN_INFINITE_RECURSION = YES;
				CLANG_WARN_INT_CONVERSION = YES;
				CLANG_WARN_NON_LITERAL_NULL_CONVERSION = YES;
				CLANG_WARN_OBJC_IMPLICIT_RETAIN_SELF = YES;
				CLANG_WARN_OBJC_LITERAL_CONVERSION = YES;
				CLANG_WARN_OBJC_ROOT_CLASS = YES_ERROR;
				CLANG_WARN_QUOTED_INCLUDE_IN_FRAMEWORK_HEADER = YES;
				CLANG_WARN_RANGE_LOOP_ANALYSIS = YES;
				CLANG_WARN_STRICT_PROTOTYPES = YES;
				CLANG_WARN_SUSPICIOUS_MOVE = YES;
				CLANG_WARN_UNGUARDED_AVAILABILITY = YES_AGGRESSIVE;
				CLANG_WARN_UNREACHABLE_CODE = YES;
				CLANG_WARN__DUPLICATE_METHOD_MATCH = YES;
				COPY_PHASE_STRIP = NO;
				DEBUG_INFORMATION_FORMAT = "dwarf-with-dsym";
				ENABLE_NS_ASSERTIONS = NO;
				ENABLE_STRICT_OBJC_MSGSEND = YES;
				GCC_C_LANGUAGE_STANDARD = gnu11;
				GCC_NO_COMMON_BLOCKS = YES;
				GCC_WARN_64_TO_32_BIT_CONVERSION = YES;
				GCC_WARN_ABOUT_RETURN_TYPE = YES_ERROR;
				GCC_WARN_UNDECLARED_SELECTOR = YES;
				GCC_WARN_UNINITIALIZED_AUTOS = YES_AGGRESSIVE;
				GCC_WARN_UNUSED_FUNCTION = YES;
				GCC_WARN_UNUSED_VARIABLE = YES;
				IPHONEOS_DEPLOYMENT_TARGET = 15.4;
				MTL_ENABLE_DEBUG_INFO = NO;
				MTL_FAST_MATH = YES;
				SDKROOT = iphoneos;
				SWIFT_COMPILATION_MODE = wholemodule;
				SWIFT_OPTIMIZATION_LEVEL = "-O";
				VALIDATE_PRODUCT = YES;
			};
			name = Release;
		};
		D38143F127E5588E00C8CA68 /* Debug */ = {
			isa = XCBuildConfiguration;
			baseConfigurationReference = 02AA568D6F5B65F778FF6EC1 /* Pods-KadaiChallenge5.debug.xcconfig */;
			buildSettings = {
				ASSETCATALOG_COMPILER_APPICON_NAME = AppIcon;
				ASSETCATALOG_COMPILER_GLOBAL_ACCENT_COLOR_NAME = AccentColor;
				CODE_SIGN_STYLE = Automatic;
				CURRENT_PROJECT_VERSION = 1;
				GENERATE_INFOPLIST_FILE = YES;
				INFOPLIST_FILE = KadaiChallenge5/Info.plist;
				INFOPLIST_KEY_UIApplicationSupportsIndirectInputEvents = YES;
				INFOPLIST_KEY_UILaunchStoryboardName = LaunchScreen;
				INFOPLIST_KEY_UIMainStoryboardFile = Main;
				INFOPLIST_KEY_UISupportedInterfaceOrientations_iPad = "UIInterfaceOrientationPortrait UIInterfaceOrientationPortraitUpsideDown UIInterfaceOrientationLandscapeLeft UIInterfaceOrientationLandscapeRight";
				INFOPLIST_KEY_UISupportedInterfaceOrientations_iPhone = "UIInterfaceOrientationPortrait UIInterfaceOrientationLandscapeLeft UIInterfaceOrientationLandscapeRight";
				LD_RUNPATH_SEARCH_PATHS = (
					"$(inherited)",
					"@executable_path/Frameworks",
				);
				MARKETING_VERSION = 1.0;
				PRODUCT_BUNDLE_IDENTIFIER = "Swift-Beginners.KadaiChallenge5";
				PRODUCT_NAME = "$(TARGET_NAME)";
				SWIFT_EMIT_LOC_STRINGS = YES;
				SWIFT_VERSION = 5.0;
				TARGETED_DEVICE_FAMILY = "1,2";
			};
			name = Debug;
		};
		D38143F227E5588E00C8CA68 /* Release */ = {
			isa = XCBuildConfiguration;
			baseConfigurationReference = A996FCC2A10593BB6C42DC64 /* Pods-KadaiChallenge5.release.xcconfig */;
			buildSettings = {
				ASSETCATALOG_COMPILER_APPICON_NAME = AppIcon;
				ASSETCATALOG_COMPILER_GLOBAL_ACCENT_COLOR_NAME = AccentColor;
				CODE_SIGN_STYLE = Automatic;
				CURRENT_PROJECT_VERSION = 1;
				GENERATE_INFOPLIST_FILE = YES;
				INFOPLIST_FILE = KadaiChallenge5/Info.plist;
				INFOPLIST_KEY_UIApplicationSupportsIndirectInputEvents = YES;
				INFOPLIST_KEY_UILaunchStoryboardName = LaunchScreen;
				INFOPLIST_KEY_UIMainStoryboardFile = Main;
				INFOPLIST_KEY_UISupportedInterfaceOrientations_iPad = "UIInterfaceOrientationPortrait UIInterfaceOrientationPortraitUpsideDown UIInterfaceOrientationLandscapeLeft UIInterfaceOrientationLandscapeRight";
				INFOPLIST_KEY_UISupportedInterfaceOrientations_iPhone = "UIInterfaceOrientationPortrait UIInterfaceOrientationLandscapeLeft UIInterfaceOrientationLandscapeRight";
				LD_RUNPATH_SEARCH_PATHS = (
					"$(inherited)",
					"@executable_path/Frameworks",
				);
				MARKETING_VERSION = 1.0;
				PRODUCT_BUNDLE_IDENTIFIER = "Swift-Beginners.KadaiChallenge5";
				PRODUCT_NAME = "$(TARGET_NAME)";
				SWIFT_EMIT_LOC_STRINGS = YES;
				SWIFT_VERSION = 5.0;
				TARGETED_DEVICE_FAMILY = "1,2";
			};
			name = Release;
		};
/* End XCBuildConfiguration section */

/* Begin XCConfigurationList section */
		D38143D727E5588D00C8CA68 /* Build configuration list for PBXProject "KadaiChallenge5" */ = {
			isa = XCConfigurationList;
			buildConfigurations = (
				D38143EE27E5588E00C8CA68 /* Debug */,
				D38143EF27E5588E00C8CA68 /* Release */,
			);
			defaultConfigurationIsVisible = 0;
			defaultConfigurationName = Release;
		};
		D38143F027E5588E00C8CA68 /* Build configuration list for PBXNativeTarget "KadaiChallenge5" */ = {
			isa = XCConfigurationList;
			buildConfigurations = (
				D38143F127E5588E00C8CA68 /* Debug */,
				D38143F227E5588E00C8CA68 /* Release */,
			);
			defaultConfigurationIsVisible = 0;
			defaultConfigurationName = Release;
		};
/* End XCConfigurationList section */
	};
	rootObject = D38143D427E5588D00C8CA68 /* Project object */;
}
